
Microsoft Visual Studio Solution File, Format Version 12.00
# Visual Studio 15
VisualStudioVersion = 15.0.26730.16
MinimumVisualStudioVersion = 10.0.40219.1
Project("{FAE04EC0-301F-11D3-BF4B-00C04F79EFBC}") = "parallelLab3", "parallelLab3\parallelLab3.csproj", "{3576D05A-1ED6-43B6-81A9-7D6A7E8CC11F}"
EndProject
Global
	GlobalSection(SolutionConfigurationPlatforms) = preSolution
		Debug|Any CPU = Debug|Any CPU
		Release|Any CPU = Release|Any CPU
	EndGlobalSection
	GlobalSection(ProjectConfigurationPlatforms) = postSolution
		{3576D05A-1ED6-43B6-81A9-7D6A7E8CC11F}.Debug|Any CPU.ActiveCfg = Debug|Any CPU
		{3576D05A-1ED6-43B6-81A9-7D6A7E8CC11F}.Debug|Any CPU.Build.0 = Debug|Any CPU
		{3576D05A-1ED6-43B6-81A9-7D6A7E8CC11F}.Release|Any CPU.ActiveCfg = Release|Any CPU
		{3576D05A-1ED6-43B6-81A9-7D6A7E8CC11F}.Release|Any CPU.Build.0 = Release|Any CPU
	EndGlobalSection
	GlobalSection(SolutionProperties) = preSolution
		HideSolutionNode = FALSE
	EndGlobalSection
	GlobalSection(ExtensibilityGlobals) = postSolution
		SolutionGuid = {627A21FC-7C1F-4462-A7B7-80E1A0F6E02E}
	EndGlobalSection
EndGlobal
